# This file is automatically @generated by Poetry 1.6.1 and should not be changed by hand.

[[package]]
name = "multi-package"
version = "0.1.0"
description = ""
optional = false
python-versions = "^3.11"
files = []
develop = false

[package.source]
type = "directory"
url = "../multi-package"

[[package]]
name = "my-normal-package"
version = "0.1.0"
description = ""
optional = false
python-versions = "^3.11"
files = []
develop = false

[package.source]
type = "directory"
url = "../my-normal-package"

[[package]]
name = "my-real-package"
version = "0.1.0"
description = ""
optional = false
python-versions = "^3.11"
files = []
develop = false

[package.source]
type = "directory"
url = "../custom-dir-name"

[metadata]
lock-version = "2.0"
python-versions = "^3.11"
content-hash = "012f6713f4b786c5a6612c0ee85735b27017e93c27d8e519ce9ddf0a33ef2690"
